// !$*UTF8*$!
{
	archiveVersion = 1;
	classes = {
	};
	objectVersion = 77;
	objects = {

/* Begin PBXContainerItemProxy section */
		BF5596162CE4FC7200DE3224 /* PBXContainerItemProxy */ = {
			isa = PBXContainerItemProxy;
			containerPortal = BF5595FD2CE4FC6F00DE3224 /* Project object */;
			proxyType = 1;
			remoteGlobalIDString = BF5596042CE4FC6F00DE3224;
			remoteInfo = EnhancedTodoList;
		};
		BF5596202CE4FC7200DE3224 /* PBXContainerItemProxy */ = {
			isa = PBXContainerItemProxy;
			containerPortal = BF5595FD2CE4FC6F00DE3224 /* Project object */;
			proxyType = 1;
			remoteGlobalIDString = BF5596042CE4FC6F00DE3224;
			remoteInfo = EnhancedTodoList;
		};
/* End PBXContainerItemProxy section */

/* Begin PBXFileReference section */
		BF5596052CE4FC6F00DE3224 /* EnhancedTodoList.app */ = {isa = PBXFileReference; explicitFileType = wrapper.application; includeInIndex = 0; path = EnhancedTodoList.app; sourceTree = BUILT_PRODUCTS_DIR; };
		BF5596152CE4FC7200DE3224 /* EnhancedTodoListTests.xctest */ = {isa = PBXFileReference; explicitFileType = wrapper.cfbundle; includeInIndex = 0; path = EnhancedTodoListTests.xctest; sourceTree = BUILT_PRODUCTS_DIR; };
		BF55961F2CE4FC7200DE3224 /* EnhancedTodoListUITests.xctest */ = {isa = PBXFileReference; explicitFileType = wrapper.cfbundle; includeInIndex = 0; path = EnhancedTodoListUITests.xctest; sourceTree = BUILT_PRODUCTS_DIR; };
/* End PBXFileReference section */

/* Begin PBXFileSystemSynchronizedRootGroup section */
		BF5596072CE4FC6F00DE3224 /* EnhancedTodoList */ = {
			isa = PBXFileSystemSynchronizedRootGroup;
			path = EnhancedTodoList;
			sourceTree = "<group>";
		};
		BF5596182CE4FC7200DE3224 /* EnhancedTodoListTests */ = {
			isa = PBXFileSystemSynchronizedRootGroup;
			path = EnhancedTodoListTests;
			sourceTree = "<group>";
		};
		BF5596222CE4FC7200DE3224 /* EnhancedTodoListUITests */ = {
			isa = PBXFileSystemSynchronizedRootGroup;
			path = EnhancedTodoListUITests;
			sourceTree = "<group>";
		};
/* End PBXFileSystemSynchronizedRootGroup section */

/* Begin PBXFrameworksBuildPhase section */
		BF5596022CE4FC6F00DE3224 /* Frameworks */ = {
			isa = PBXFrameworksBuildPhase;
			buildActionMask = 2147483647;
			files = (
			);
			runOnlyForDeploymentPostprocessing = 0;
		};
		BF5596122CE4FC7200DE3224 /* Frameworks */ = {
			isa = PBXFrameworksBuildPhase;
			buildActionMask = 2147483647;
			files = (
			);
			runOnlyForDeploymentPostprocessing = 0;
		};
		BF55961C2CE4FC7200DE3224 /* Frameworks */ = {
			isa = PBXFrameworksBuildPhase;
			buildActionMask = 2147483647;
			files = (
			);
			runOnlyForDeploymentPostprocessing = 0;
		};
/* End PBXFrameworksBuildPhase section */

/* Begin PBXGroup section */
		BF5595FC2CE4FC6F00DE3224 = {
			isa = PBXGroup;
			children = (
				BF5596072CE4FC6F00DE3224 /* EnhancedTodoList */,
				BF5596182CE4FC7200DE3224 /* EnhancedTodoListTests */,
				BF5596222CE4FC7200DE3224 /* EnhancedTodoListUITests */,
				BF5596062CE4FC6F00DE3224 /* Products */,
			);
			sourceTree = "<group>";
		};
		BF5596062CE4FC6F00DE3224 /* Products */ = {
			isa = PBXGroup;
			children = (
				BF5596052CE4FC6F00DE3224 /* EnhancedTodoList.app */,
				BF5596152CE4FC7200DE3224 /* EnhancedTodoListTests.xctest */,
				BF55961F2CE4FC7200DE3224 /* EnhancedTodoListUITests.xctest */,
			);
			name = Products;
			sourceTree = "<group>";
		};
/* End PBXGroup section */

/* Begin PBXNativeTarget section */
		BF5596042CE4FC6F00DE3224 /* EnhancedTodoList */ = {
			isa = PBXNativeTarget;
			buildConfigurationList = BF5596292CE4FC7200DE3224 /* Build configuration list for PBXNativeTarget "EnhancedTodoList" */;
			buildPhases = (
				BF5596012CE4FC6F00DE3224 /* Sources */,
				BF5596022CE4FC6F00DE3224 /* Frameworks */,
				BF5596032CE4FC6F00DE3224 /* Resources */,
			);
			buildRules = (
			);
			dependencies = (
			);
			fileSystemSynchronizedGroups = (
				BF5596072CE4FC6F00DE3224 /* EnhancedTodoList */,
			);
			name = EnhancedTodoList;
			packageProductDependencies = (
			);
			productName = EnhancedTodoList;
			productReference = BF5596052CE4FC6F00DE3224 /* EnhancedTodoList.app */;
			productType = "com.apple.product-type.application";
		};
		BF5596142CE4FC7200DE3224 /* EnhancedTodoListTests */ = {
			isa = PBXNativeTarget;
			buildConfigurationList = BF55962C2CE4FC7200DE3224 /* Build configuration list for PBXNativeTarget "EnhancedTodoListTests" */;
			buildPhases = (
				BF5596112CE4FC7200DE3224 /* Sources */,
				BF5596122CE4FC7200DE3224 /* Frameworks */,
				BF5596132CE4FC7200DE3224 /* Resources */,
			);
			buildRules = (
			);
			dependencies = (
				BF5596172CE4FC7200DE3224 /* PBXTargetDependency */,
			);
			fileSystemSynchronizedGroups = (
				BF5596182CE4FC7200DE3224 /* EnhancedTodoListTests */,
			);
			name = EnhancedTodoListTests;
			packageProductDependencies = (
			);
			productName = EnhancedTodoListTests;
			productReference = BF5596152CE4FC7200DE3224 /* EnhancedTodoListTests.xctest */;
			productType = "com.apple.product-type.bundle.unit-test";
		};
		BF55961E2CE4FC7200DE3224 /* EnhancedTodoListUITests */ = {
			isa = PBXNativeTarget;
			buildConfigurationList = BF55962F2CE4FC7200DE3224 /* Build configuration list for PBXNativeTarget "EnhancedTodoListUITests" */;
			buildPhases = (
				BF55961B2CE4FC7200DE3224 /* Sources */,
				BF55961C2CE4FC7200DE3224 /* Frameworks */,
				BF55961D2CE4FC7200DE3224 /* Resources */,
			);
			buildRules = (
			);
			dependencies = (
				BF5596212CE4FC7200DE3224 /* PBXTargetDependency */,
			);
			fileSystemSynchronizedGroups = (
				BF5596222CE4FC7200DE3224 /* EnhancedTodoListUITests */,
			);
			name = EnhancedTodoListUITests;
			packageProductDependencies = (
			);
			productName = EnhancedTodoListUITests;
			productReference = BF55961F2CE4FC7200DE3224 /* EnhancedTodoListUITests.xctest */;
			productType = "com.apple.product-type.bundle.ui-testing";
		};
/* End PBXNativeTarget section */

/* Begin PBXProject section */
		BF5595FD2CE4FC6F00DE3224 /* Project object */ = {
			isa = PBXProject;
			attributes = {
				BuildIndependentTargetsInParallel = 1;
				LastSwiftUpdateCheck = 1610;
				LastUpgradeCheck = 1610;
				TargetAttributes = {
					BF5596042CE4FC6F00DE3224 = {
						CreatedOnToolsVersion = 16.1;
					};
					BF5596142CE4FC7200DE3224 = {
						CreatedOnToolsVersion = 16.1;
						TestTargetID = BF5596042CE4FC6F00DE3224;
					};
					BF55961E2CE4FC7200DE3224 = {
						CreatedOnToolsVersion = 16.1;
						TestTargetID = BF5596042CE4FC6F00DE3224;
					};
				};
			};
			buildConfigurationList = BF5596002CE4FC6F00DE3224 /* Build configuration list for PBXProject "EnhancedTodoList" */;
			developmentRegion = en;
			hasScannedForEncodings = 0;
			knownRegions = (
				en,
				Base,
			);
			mainGroup = BF5595FC2CE4FC6F00DE3224;
			minimizedProjectReferenceProxies = 1;
			preferredProjectObjectVersion = 77;
			productRefGroup = BF5596062CE4FC6F00DE3224 /* Products */;
			projectDirPath = "";
			projectRoot = "";
			targets = (
				BF5596042CE4FC6F00DE3224 /* EnhancedTodoList */,
				BF5596142CE4FC7200DE3224 /* EnhancedTodoListTests */,
				BF55961E2CE4FC7200DE3224 /* EnhancedTodoListUITests */,
			);
		};
/* End PBXProject section */

/* Begin PBXResourcesBuildPhase section */
		BF5596032CE4FC6F00DE3224 /* Resources */ = {
			isa = PBXResourcesBuildPhase;
			buildActionMask = 2147483647;
			files = (
			);
			runOnlyForDeploymentPostprocessing = 0;
		};
		BF5596132CE4FC7200DE3224 /* Resources */ = {
			isa = PBXResourcesBuildPhase;
			buildActionMask = 2147483647;
			files = (
			);
			runOnlyForDeploymentPostprocessing = 0;
		};
		BF55961D2CE4FC7200DE3224 /* Resources */ = {
			isa = PBXResourcesBuildPhase;
			buildActionMask = 2147483647;
			files = (
			);
			runOnlyForDeploymentPostprocessing = 0;
		};
/* End PBXResourcesBuildPhase section */

/* Begin PBXSourcesBuildPhase section */
		BF5596012CE4FC6F00DE3224 /* Sources */ = {
			isa = PBXSourcesBuildPhase;
			buildActionMask = 2147483647;
			files = (
			);
			runOnlyForDeploymentPostprocessing = 0;
		};
		BF5596112CE4FC7200DE3224 /* Sources */ = {
			isa = PBXSourcesBuildPhase;
			buildActionMask = 2147483647;
			files = (
			);
			runOnlyForDeploymentPostprocessing = 0;
		};
		BF55961B2CE4FC7200DE3224 /* Sources */ = {
			isa = PBXSourcesBuildPhase;
			buildActionMask = 2147483647;
			files = (
			);
			runOnlyForDeploymentPostprocessing = 0;
		};
/* End PBXSourcesBuildPhase section */

/* Begin PBXTargetDependency section */
		BF5596172CE4FC7200DE3224 /* PBXTargetDependency */ = {
			isa = PBXTargetDependency;
			target = BF5596042CE4FC6F00DE3224 /* EnhancedTodoList */;
			targetProxy = BF5596162CE4FC7200DE3224 /* PBXContainerItemProxy */;
		};
		BF5596212CE4FC7200DE3224 /* PBXTargetDependency */ = {
			isa = PBXTargetDependency;
			target = BF5596042CE4FC6F00DE3224 /* EnhancedTodoList */;
			targetProxy = BF5596202CE4FC7200DE3224 /* PBXContainerItemProxy */;
		};
/* End PBXTargetDependency section */

/* Begin XCBuildConfiguration section */
		BF5596272CE4FC7200DE3224 /* Debug */ = {
			isa = XCBuildConfiguration;
			buildSettings = {
				ALWAYS_SEARCH_USER_PATHS = NO;
				ASSETCATALOG_COMPILER_GENERATE_SWIFT_ASSET_SYMBOL_EXTENSIONS = YES;
				CLANG_ANALYZER_NONNULL = YES;
				CLANG_ANALYZER_NUMBER_OBJECT_CONVERSION = YES_AGGRESSIVE;
				CLANG_CXX_LANGUAGE_STANDARD = "gnu++20";
				CLANG_ENABLE_MODULES = YES;
				CLANG_ENABLE_OBJC_ARC = YES;
				CLANG_ENABLE_OBJC_WEAK = YES;
				CLANG_WARN_BLOCK_CAPTURE_AUTORELEASING = YES;
				CLANG_WARN_BOOL_CONVERSION = YES;
				CLANG_WARN_COMMA = YES;
				CLANG_WARN_CONSTANT_CONVERSION = YES;
				CLANG_WARN_DEPRECATED_OBJC_IMPLEMENTATIONS = YES;
				CLANG_WARN_DIRECT_OBJC_ISA_USAGE = YES_ERROR;
				CLANG_WARN_DOCUMENTATION_COMMENTS = YES;
				CLANG_WARN_EMPTY_BODY = YES;
				CLANG_WARN_ENUM_CONVERSION = YES;
				CLANG_WARN_INFINITE_RECURSION = YES;
				CLANG_WARN_INT_CONVERSION = YES;
				CLANG_WARN_NON_LITERAL_NULL_CONVERSION = YES;
				CLANG_WARN_OBJC_IMPLICIT_RETAIN_SELF = YES;
				CLANG_WARN_OBJC_LITERAL_CONVERSION = YES;
				CLANG_WARN_OBJC_ROOT_CLASS = YES_ERROR;
				CLANG_WARN_QUOTED_INCLUDE_IN_FRAMEWORK_HEADER = YES;
				CLANG_WARN_RANGE_LOOP_ANALYSIS = YES;
				CLANG_WARN_STRICT_PROTOTYPES = YES;
				CLANG_WARN_SUSPICIOUS_MOVE = YES;
				CLANG_WARN_UNGUARDED_AVAILABILITY = YES_AGGRESSIVE;
				CLANG_WARN_UNREACHABLE_CODE = YES;
				CLANG_WARN__DUPLICATE_METHOD_MATCH = YES;
				COPY_PHASE_STRIP = NO;
				DEBUG_INFORMATION_FORMAT = dwarf;
				ENABLE_STRICT_OBJC_MSGSEND = YES;
				ENABLE_TESTABILITY = YES;
				ENABLE_USER_SCRIPT_SANDBOXING = YES;
				GCC_C_LANGUAGE_STANDARD = gnu17;
				GCC_DYNAMIC_NO_PIC = NO;
				GCC_NO_COMMON_BLOCKS = YES;
				GCC_OPTIMIZATION_LEVEL = 0;
				GCC_PREPROCESSOR_DEFINITIONS = (
					"DEBUG=1",
					"$(inherited)",
				);
				GCC_WARN_64_TO_32_BIT_CONVERSION = YES;
				GCC_WARN_ABOUT_RETURN_TYPE = YES_ERROR;
				GCC_WARN_UNDECLARED_SELECTOR = YES;
				GCC_WARN_UNINITIALIZED_AUTOS = YES_AGGRESSIVE;
				GCC_WARN_UNUSED_FUNCTION = YES;
				GCC_WARN_UNUSED_VARIABLE = YES;
				IPHONEOS_DEPLOYMENT_TARGET = 18.1;
				LOCALIZATION_PREFERS_STRING_CATALOGS = YES;
				MTL_ENABLE_DEBUG_INFO = INCLUDE_SOURCE;
				MTL_FAST_MATH = YES;
				ONLY_ACTIVE_ARCH = YES;
				SDKROOT = iphoneos;
				SWIFT_ACTIVE_COMPILATION_CONDITIONS = "DEBUG $(inherited)";
				SWIFT_OPTIMIZATION_LEVEL = "-Onone";
			};
			name = Debug;
		};
		BF5596282CE4FC7200DE3224 /* Release */ = {
			isa = XCBuildConfiguration;
			buildSettings = {
				ALWAYS_SEARCH_USER_PATHS = NO;
				ASSETCATALOG_COMPILER_GENERATE_SWIFT_ASSET_SYMBOL_EXTENSIONS = YES;
				CLANG_ANALYZER_NONNULL = YES;
				CLANG_ANALYZER_NUMBER_OBJECT_CONVERSION = YES_AGGRESSIVE;
				CLANG_CXX_LANGUAGE_STANDARD = "gnu++20";
				CLANG_ENABLE_MODULES = YES;
				CLANG_ENABLE_OBJC_ARC = YES;
				CLANG_ENABLE_OBJC_WEAK = YES;
				CLANG_WARN_BLOCK_CAPTURE_AUTORELEASING = YES;
				CLANG_WARN_BOOL_CONVERSION = YES;
				CLANG_WARN_COMMA = YES;
				CLANG_WARN_CONSTANT_CONVERSION = YES;
				CLANG_WARN_DEPRECATED_OBJC_IMPLEMENTATIONS = YES;
				CLANG_WARN_DIRECT_OBJC_ISA_USAGE = YES_ERROR;
				CLANG_WARN_DOCUMENTATION_COMMENTS = YES;
				CLANG_WARN_EMPTY_BODY = YES;
				CLANG_WARN_ENUM_CONVERSION = YES;
				CLANG_WARN_INFINITE_RECURSION = YES;
				CLANG_WARN_INT_CONVERSION = YES;
				CLANG_WARN_NON_LITERAL_NULL_CONVERSION = YES;
				CLANG_WARN_OBJC_IMPLICIT_RETAIN_SELF = YES;
				CLANG_WARN_OBJC_LITERAL_CONVERSION = YES;
				CLANG_WARN_OBJC_ROOT_CLASS = YES_ERROR;
				CLANG_WARN_QUOTED_INCLUDE_IN_FRAMEWORK_HEADER = YES;
				CLANG_WARN_RANGE_LOOP_ANALYSIS = YES;
				CLANG_WARN_STRICT_PROTOTYPES = YES;
				CLANG_WARN_SUSPICIOUS_MOVE = YES;
				CLANG_WARN_UNGUARDED_AVAILABILITY = YES_AGGRESSIVE;
				CLANG_WARN_UNREACHABLE_CODE = YES;
				CLANG_WARN__DUPLICATE_METHOD_MATCH = YES;
				COPY_PHASE_STRIP = NO;
				DEBUG_INFORMATION_FORMAT = "dwarf-with-dsym";
				ENABLE_NS_ASSERTIONS = NO;
				ENABLE_STRICT_OBJC_MSGSEND = YES;
				ENABLE_USER_SCRIPT_SANDBOXING = YES;
				GCC_C_LANGUAGE_STANDARD = gnu17;
				GCC_NO_COMMON_BLOCKS = YES;
				GCC_WARN_64_TO_32_BIT_CONVERSION = YES;
				GCC_WARN_ABOUT_RETURN_TYPE = YES_ERROR;
				GCC_WARN_UNDECLARED_SELECTOR = YES;
				GCC_WARN_UNINITIALIZED_AUTOS = YES_AGGRESSIVE;
				GCC_WARN_UNUSED_FUNCTION = YES;
				GCC_WARN_UNUSED_VARIABLE = YES;
				IPHONEOS_DEPLOYMENT_TARGET = 18.1;
				LOCALIZATION_PREFERS_STRING_CATALOGS = YES;
				MTL_ENABLE_DEBUG_INFO = NO;
				MTL_FAST_MATH = YES;
				SDKROOT = iphoneos;
				SWIFT_COMPILATION_MODE = wholemodule;
				VALIDATE_PRODUCT = YES;
			};
			name = Release;
		};
		BF55962A2CE4FC7200DE3224 /* Debug */ = {
			isa = XCBuildConfiguration;
			buildSettings = {
				ASSETCATALOG_COMPILER_APPICON_NAME = AppIcon;
				ASSETCATALOG_COMPILER_GLOBAL_ACCENT_COLOR_NAME = AccentColor;
				CODE_SIGN_STYLE = Automatic;
				CURRENT_PROJECT_VERSION = 1;
				DEVELOPMENT_ASSET_PATHS = "\"EnhancedTodoList/Preview Content\"";
				DEVELOPMENT_TEAM = 7JWCSA9B4T;
				ENABLE_PREVIEWS = YES;
				GENERATE_INFOPLIST_FILE = YES;
				INFOPLIST_KEY_UIApplicationSceneManifest_Generation = YES;
				INFOPLIST_KEY_UIApplicationSupportsIndirectInputEvents = YES;
				INFOPLIST_KEY_UILaunchScreen_Generation = YES;
				INFOPLIST_KEY_UISupportedInterfaceOrientations_iPad = "UIInterfaceOrientationPortrait UIInterfaceOrientationPortraitUpsideDown UIInterfaceOrientationLandscapeLeft UIInterfaceOrientationLandscapeRight";
				INFOPLIST_KEY_UISupportedInterfaceOrientations_iPhone = "UIInterfaceOrientationPortrait UIInterfaceOrientationLandscapeLeft UIInterfaceOrientationLandscapeRight";
				LD_RUNPATH_SEARCH_PATHS = (
					"$(inherited)",
					"@executable_path/Frameworks",
				);
				MARKETING_VERSION = 1.0;
				PRODUCT_BUNDLE_IDENTIFIER = ca.JoshYim.EnhancedTodoList;
				PRODUCT_NAME = "$(TARGET_NAME)";
				SWIFT_EMIT_LOC_STRINGS = YES;
				SWIFT_VERSION = 5.0;
				TARGETED_DEVICE_FAMILY = "1,2";
			};
			name = Debug;
		};
		BF55962B2CE4FC7200DE3224 /* Release */ = {
			isa = XCBuildConfiguration;
			buildSettings = {
				ASSETCATALOG_COMPILER_APPICON_NAME = AppIcon;
				ASSETCATALOG_COMPILER_GLOBAL_ACCENT_COLOR_NAME = AccentColor;
				CODE_SIGN_STYLE = Automatic;
				CURRENT_PROJECT_VERSION = 1;
				DEVELOPMENT_ASSET_PATHS = "\"EnhancedTodoList/Preview Content\"";
				DEVELOPMENT_TEAM = 7JWCSA9B4T;
				ENABLE_PREVIEWS = YES;
				GENERATE_INFOPLIST_FILE = YES;
				INFOPLIST_KEY_UIApplicationSceneManifest_Generation = YES;
				INFOPLIST_KEY_UIApplicationSupportsIndirectInputEvents = YES;
				INFOPLIST_KEY_UILaunchScreen_Generation = YES;
				INFOPLIST_KEY_UISupportedInterfaceOrientations_iPad = "UIInterfaceOrientationPortrait UIInterfaceOrientationPortraitUpsideDown UIInterfaceOrientationLandscapeLeft UIInterfaceOrientationLandscapeRight";
				INFOPLIST_KEY_UISupportedInterfaceOrientations_iPhone = "UIInterfaceOrientationPortrait UIInterfaceOrientationLandscapeLeft UIInterfaceOrientationLandscapeRight";
				LD_RUNPATH_SEARCH_PATHS = (
					"$(inherited)",
					"@executable_path/Frameworks",
				);
				MARKETING_VERSION = 1.0;
				PRODUCT_BUNDLE_IDENTIFIER = ca.JoshYim.EnhancedTodoList;
				PRODUCT_NAME = "$(TARGET_NAME)";
				SWIFT_EMIT_LOC_STRINGS = YES;
				SWIFT_VERSION = 5.0;
				TARGETED_DEVICE_FAMILY = "1,2";
			};
			name = Release;
		};
		BF55962D2CE4FC7200DE3224 /* Debug */ = {
			isa = XCBuildConfiguration;
			buildSettings = {
				BUNDLE_LOADER = "$(TEST_HOST)";
				CODE_SIGN_STYLE = Automatic;
				CURRENT_PROJECT_VERSION = 1;
				DEVELOPMENT_TEAM = 7JWCSA9B4T;
				GENERATE_INFOPLIST_FILE = YES;
				IPHONEOS_DEPLOYMENT_TARGET = 18.1;
				MARKETING_VERSION = 1.0;
				PRODUCT_BUNDLE_IDENTIFIER = ca.JoshYim.EnhancedTodoListTests;
				PRODUCT_NAME = "$(TARGET_NAME)";
				SWIFT_EMIT_LOC_STRINGS = NO;
				SWIFT_VERSION = 5.0;
				TARGETED_DEVICE_FAMILY = "1,2";
				TEST_HOST = "$(BUILT_PRODUCTS_DIR)/EnhancedTodoList.app/$(BUNDLE_EXECUTABLE_FOLDER_PATH)/EnhancedTodoList";
			};
			name = Debug;
		};
		BF55962E2CE4FC7200DE3224 /* Release */ = {
			isa = XCBuildConfiguration;
			buildSettings = {
				BUNDLE_LOADER = "$(TEST_HOST)";
				CODE_SIGN_STYLE = Automatic;
				CURRENT_PROJECT_VERSION = 1;
				DEVELOPMENT_TEAM = 7JWCSA9B4T;
				GENERATE_INFOPLIST_FILE = YES;
				IPHONEOS_DEPLOYMENT_TARGET = 18.1;
				MARKETING_VERSION = 1.0;
				PRODUCT_BUNDLE_IDENTIFIER = ca.JoshYim.EnhancedTodoListTests;
				PRODUCT_NAME = "$(TARGET_NAME)";
				SWIFT_EMIT_LOC_STRINGS = NO;
				SWIFT_VERSION = 5.0;
				TARGETED_DEVICE_FAMILY = "1,2";
				TEST_HOST = "$(BUILT_PRODUCTS_DIR)/EnhancedTodoList.app/$(BUNDLE_EXECUTABLE_FOLDER_PATH)/EnhancedTodoList";
			};
			name = Release;
		};
		BF5596302CE4FC7200DE3224 /* Debug */ = {
			isa = XCBuildConfiguration;
			buildSettings = {
				CODE_SIGN_STYLE = Automatic;
				CURRENT_PROJECT_VERSION = 1;
				DEVELOPMENT_TEAM = 7JWCSA9B4T;
				GENERATE_INFOPLIST_FILE = YES;
				MARKETING_VERSION = 1.0;
				PRODUCT_BUNDLE_IDENTIFIER = ca.JoshYim.EnhancedTodoListUITests;
				PRODUCT_NAME = "$(TARGET_NAME)";
				SWIFT_EMIT_LOC_STRINGS = NO;
				SWIFT_VERSION = 5.0;
				TARGETED_DEVICE_FAMILY = "1,2";
				TEST_TARGET_NAME = EnhancedTodoList;
			};
			name = Debug;
		};
		BF5596312CE4FC7200DE3224 /* Release */ = {
			isa = XCBuildConfiguration;
			buildSettings = {
				CODE_SIGN_STYLE = Automatic;
				CURRENT_PROJECT_VERSION = 1;
				DEVELOPMENT_TEAM = 7JWCSA9B4T;
				GENERATE_INFOPLIST_FILE = YES;
				MARKETING_VERSION = 1.0;
				PRODUCT_BUNDLE_IDENTIFIER = ca.JoshYim.EnhancedTodoListUITests;
				PRODUCT_NAME = "$(TARGET_NAME)";
				SWIFT_EMIT_LOC_STRINGS = NO;
				SWIFT_VERSION = 5.0;
				TARGETED_DEVICE_FAMILY = "1,2";
				TEST_TARGET_NAME = EnhancedTodoList;
			};
			name = Release;
		};
/* End XCBuildConfiguration section */

/* Begin XCConfigurationList section */
		BF5596002CE4FC6F00DE3224 /* Build configuration list for PBXProject "EnhancedTodoList" */ = {
			isa = XCConfigurationList;
			buildConfigurations = (
				BF5596272CE4FC7200DE3224 /* Debug */,
				BF5596282CE4FC7200DE3224 /* Release */,
			);
			defaultConfigurationIsVisible = 0;
			defaultConfigurationName = Release;
		};
		BF5596292CE4FC7200DE3224 /* Build configuration list for PBXNativeTarget "EnhancedTodoList" */ = {
			isa = XCConfigurationList;
			buildConfigurations = (
				BF55962A2CE4FC7200DE3224 /* Debug */,
				BF55962B2CE4FC7200DE3224 /* Release */,
			);
			defaultConfigurationIsVisible = 0;
			defaultConfigurationName = Release;
		};
		BF55962C2CE4FC7200DE3224 /* Build configuration list for PBXNativeTarget "EnhancedTodoListTests" */ = {
			isa = XCConfigurationList;
			buildConfigurations = (
				BF55962D2CE4FC7200DE3224 /* Debug */,
				BF55962E2CE4FC7200DE3224 /* Release */,
			);
			defaultConfigurationIsVisible = 0;
			defaultConfigurationName = Release;
		};
		BF55962F2CE4FC7200DE3224 /* Build configuration list for PBXNativeTarget "EnhancedTodoListUITests" */ = {
			isa = XCConfigurationList;
			buildConfigurations = (
				BF5596302CE4FC7200DE3224 /* Debug */,
				BF5596312CE4FC7200DE3224 /* Release */,
			);
			defaultConfigurationIsVisible = 0;
			defaultConfigurationName = Release;
		};
/* End XCConfigurationList section */
	};
	rootObject = BF5595FD2CE4FC6F00DE3224 /* Project object */;
}
